
Microsoft Visual Studio Solution File, Format Version 12.00
Project("{FAE04EC0-301F-11D3-BF4B-00C04F79EFBC}") = "TimetableDesigner.Backend.Services.Authentication", "TimetableDesigner.Backend.Services.Authentication\TimetableDesigner.Backend.Services.Authentication.csproj", "{F8C0AEF3-B53F-4904-90F7-EE4A8587F023}"
EndProject
Project("{2150E333-8FDC-42A3-9474-1A3956D46DE8}") = "TimetableDesigner.Backend.Services.Authentication.DTO", "TimetableDesigner.Backend.Services.Authentication.DTO", "{B610971F-EF8F-45D2-B869-41617ED447C8}"
EndProject
Project("{FAE04EC0-301F-11D3-BF4B-00C04F79EFBC}") = "TimetableDesigner.Backend.Services.Authentication.DTO.API", "TimetableDesigner.Backend.Services.Authentication.DTO\TimetableDesigner.Backend.Services.Authentication.DTO.API\TimetableDesigner.Backend.Services.Authentication.DTO.API.csproj", "{0639DAB9-E1B4-454E-A3E9-F7B712A697E8}"
EndProject
Project("{FAE04EC0-301F-11D3-BF4B-00C04F79EFBC}") = "TimetableDesigner.Backend.Services.Authentication.DTO.Events", "TimetableDesigner.Backend.Services.Authentication.DTO\TimetableDesigner.Backend.Services.Authentication.DTO.Events\TimetableDesigner.Backend.Services.Authentication.DTO.Events.csproj", "{3E39EDEE-621F-49BC-B777-174BB047BCA7}"
EndProject
Global
	GlobalSection(SolutionConfigurationPlatforms) = preSolution
		Debug|Any CPU = Debug|Any CPU
		Release|Any CPU = Release|Any CPU
	EndGlobalSection
	GlobalSection(ProjectConfigurationPlatforms) = postSolution
		{F8C0AEF3-B53F-4904-90F7-EE4A8587F023}.Debug|Any CPU.ActiveCfg = Debug|Any CPU
		{F8C0AEF3-B53F-4904-90F7-EE4A8587F023}.Debug|Any CPU.Build.0 = Debug|Any CPU
		{F8C0AEF3-B53F-4904-90F7-EE4A8587F023}.Release|Any CPU.ActiveCfg = Release|Any CPU
		{F8C0AEF3-B53F-4904-90F7-EE4A8587F023}.Release|Any CPU.Build.0 = Release|Any CPU
		{0639DAB9-E1B4-454E-A3E9-F7B712A697E8}.Debug|Any CPU.ActiveCfg = Debug|Any CPU
		{0639DAB9-E1B4-454E-A3E9-F7B712A697E8}.Debug|Any CPU.Build.0 = Debug|Any CPU
		{0639DAB9-E1B4-454E-A3E9-F7B712A697E8}.Release|Any CPU.ActiveCfg = Release|Any CPU
		{0639DAB9-E1B4-454E-A3E9-F7B712A697E8}.Release|Any CPU.Build.0 = Release|Any CPU
		{3E39EDEE-621F-49BC-B777-174BB047BCA7}.Debug|Any CPU.ActiveCfg = Debug|Any CPU
		{3E39EDEE-621F-49BC-B777-174BB047BCA7}.Debug|Any CPU.Build.0 = Debug|Any CPU
		{3E39EDEE-621F-49BC-B777-174BB047BCA7}.Release|Any CPU.ActiveCfg = Release|Any CPU
		{3E39EDEE-621F-49BC-B777-174BB047BCA7}.Release|Any CPU.Build.0 = Release|Any CPU
	EndGlobalSection
	GlobalSection(NestedProjects) = preSolution
		{0639DAB9-E1B4-454E-A3E9-F7B712A697E8} = {B610971F-EF8F-45D2-B869-41617ED447C8}
		{3E39EDEE-621F-49BC-B777-174BB047BCA7} = {B610971F-EF8F-45D2-B869-41617ED447C8}
	EndGlobalSection
EndGlobal
