<Solution>
  <Project Path="TimetableDesigner.Backend.Services.Authentication.DTO.WebAPI/TimetableDesigner.Backend.Services.Authentication.DTO.WebAPI.csproj" />
  <Project Path="TimetableDesigner.Backend.Services.Authentication/TimetableDesigner.Backend.Services.Authentication.csproj" />
</Solution>
